
Microsoft Visual Studio Solution File, Format Version 12.00
# Visual Studio Version 17
VisualStudioVersion = 17.1.32407.343
MinimumVisualStudioVersion = 10.0.40219.1
Project("{FAE04EC0-301F-11D3-BF4B-00C04F79EFBC}") = "ImageApp", "ImageApp\ImageApp.csproj", "{B6E08EDB-8242-4B5D-B1AC-6EE3DA103959}"
EndProject
Project("{F2A71F9B-5D33-465A-A702-920D77279786}") = "ImageLibrary", "ImageLibrary\ImageLibrary.fsproj", "{8CAFA7FB-FF09-4C66-8A02-06CC3A118A51}"
EndProject
Global
	GlobalSection(SolutionConfigurationPlatforms) = preSolution
		Debug|Any CPU = Debug|Any CPU
		Release|Any CPU = Release|Any CPU
	EndGlobalSection
	GlobalSection(ProjectConfigurationPlatforms) = postSolution
		{B6E08EDB-8242-4B5D-B1AC-6EE3DA103959}.Debug|Any CPU.ActiveCfg = Debug|Any CPU
		{B6E08EDB-8242-4B5D-B1AC-6EE3DA103959}.Debug|Any CPU.Build.0 = Debug|Any CPU
		{B6E08EDB-8242-4B5D-B1AC-6EE3DA103959}.Release|Any CPU.ActiveCfg = Release|Any CPU
		{B6E08EDB-8242-4B5D-B1AC-6EE3DA103959}.Release|Any CPU.Build.0 = Release|Any CPU
		{8CAFA7FB-FF09-4C66-8A02-06CC3A118A51}.Debug|Any CPU.ActiveCfg = Debug|Any CPU
		{8CAFA7FB-FF09-4C66-8A02-06CC3A118A51}.Debug|Any CPU.Build.0 = Debug|Any CPU
		{8CAFA7FB-FF09-4C66-8A02-06CC3A118A51}.Release|Any CPU.ActiveCfg = Release|Any CPU
		{8CAFA7FB-FF09-4C66-8A02-06CC3A118A51}.Release|Any CPU.Build.0 = Release|Any CPU
	EndGlobalSection
	GlobalSection(SolutionProperties) = preSolution
		HideSolutionNode = FALSE
	EndGlobalSection
	GlobalSection(ExtensibilityGlobals) = postSolution
		SolutionGuid = {CE276AEE-CCB1-44EB-95AB-02A2785AB3EC}
	EndGlobalSection
EndGlobal
